
Microsoft Visual Studio Solution File, Format Version 12.00
# Visual Studio Version 16
VisualStudioVersion = 16.0.33927.289
MinimumVisualStudioVersion = 10.0.40219.1
Project("{2150E333-8FDC-42A3-9474-1A3956D46DE8}") = "Task0", "Task0", "{73DDD4A7-46F0-4E00-8174-01C9A8FCFA41}"
EndProject
Project("{FAE04EC0-301F-11D3-BF4B-00C04F79EFBC}") = "Tyuiu.ShabukovDV.Sprint6.V16.Lib", "Tyuiu.ShabukovDV.Sprint6.V16.Lib\Tyuiu.ShabukovDV.Sprint6.V16.Lib.csproj", "{9F8CC688-F2C0-4FA1-8607-1FF0D1A9EF4D}"
EndProject
Project("{FAE04EC0-301F-11D3-BF4B-00C04F79EFBC}") = "Tyuiu.ShabukovDV.Sprint6.V16.Test", "Tyuiu.ShabukovDV.Sprint6.V16.Test\Tyuiu.ShabukovDV.Sprint6.V16.Test.csproj", "{166B807B-F8E7-4E8E-B06A-98280090A00F}"
EndProject
Project("{FAE04EC0-301F-11D3-BF4B-00C04F79EFBC}") = "Tyuiu.ShabukovDV.Sprint6.V16", "Tyuiu.ShabukovDV.Sprint6.V16\Tyuiu.ShabukovDV.Sprint6.V16.csproj", "{C74E35F6-6825-458A-A118-305C05FD3A17}"
EndProject
Project("{2150E333-8FDC-42A3-9474-1A3956D46DE8}") = "Task1", "Task1", "{F8916FB5-6D8D-4E75-833D-0B615C37F218}"
EndProject
Project("{FAE04EC0-301F-11D3-BF4B-00C04F79EFBC}") = "Tyuiu.ShabukovDV.Sprint6.Task1.V28.Lib", "Tyuiu.ShabukovDV.Sprint6.Task1.V28.Lib\Tyuiu.ShabukovDV.Sprint6.Task1.V28.Lib.csproj", "{3B7C1CFD-B1F4-460A-8191-7AB90F85F479}"
EndProject
Project("{FAE04EC0-301F-11D3-BF4B-00C04F79EFBC}") = "Tyuiu.ShabukovDV.Sprint6.Task1.V28.Test", "Tyuiu.ShabukovDV.Sprint6.Task1.V28.Test\Tyuiu.ShabukovDV.Sprint6.Task1.V28.Test.csproj", "{33C2B90F-15CD-4687-95B1-B10D31627EC9}"
EndProject
Project("{FAE04EC0-301F-11D3-BF4B-00C04F79EFBC}") = "Tyuiu.ShabukovDV.Sprint6.Task1.V28", "Tyuiu.ShabukovDV.Sprint6.Task1.V28\Tyuiu.ShabukovDV.Sprint6.Task1.V28.csproj", "{8050035C-2D02-4FD6-9707-0B2BD7D08F58}"
EndProject
Project("{2150E333-8FDC-42A3-9474-1A3956D46DE8}") = "Task2", "Task2", "{E61E8500-6E1B-4AAD-8370-DA661150A1CF}"
EndProject
Project("{FAE04EC0-301F-11D3-BF4B-00C04F79EFBC}") = "Tyuiu.ShabukovDV.Sprint6.Task2.V16.Test", "Tyuiu.ShabukovDV.Sprint6.Task2.V16.Test\Tyuiu.ShabukovDV.Sprint6.Task2.V16.Test.csproj", "{717738F8-2859-4F55-8D6F-F19D6747A094}"
EndProject
Project("{FAE04EC0-301F-11D3-BF4B-00C04F79EFBC}") = "Tyuiu.ShabukovDV.Sprint6.Task2.V16.Lib", "Tyuiu.ShabukovDV.Sprint6.Task2.V16.Lib\Tyuiu.ShabukovDV.Sprint6.Task2.V16.Lib.csproj", "{7D7E0356-2C63-4C46-BD04-8A47898E8F5A}"
EndProject
Project("{FAE04EC0-301F-11D3-BF4B-00C04F79EFBC}") = "Tyuiu.ShabukovDV.Sprint6.Task2.V16", "Tyuiu.ShabukovDV.Sprint6.Task2.V16\Tyuiu.ShabukovDV.Sprint6.Task2.V16.csproj", "{257070E3-AF12-4AF7-8E66-8C1C3A15AFF7}"
EndProject
Project("{2150E333-8FDC-42A3-9474-1A3956D46DE8}") = "Task3", "Task3", "{8589F068-CE4F-4C36-BC19-6283B8C5AEAA}"
EndProject
Project("{FAE04EC0-301F-11D3-BF4B-00C04F79EFBC}") = "Tyuiu.ShabukovDV.Sprint6.Task3.V20.Lib", "Tyuiu.ShabukovDV.Sprint6.Task3.V20.Lib\Tyuiu.ShabukovDV.Sprint6.Task3.V20.Lib.csproj", "{1A0D6176-39DB-4722-BE2A-C9DEE53222C3}"
EndProject
Project("{FAE04EC0-301F-11D3-BF4B-00C04F79EFBC}") = "Tyuiu.ShabukovDV.Sprint6.Task3.V20.Test", "Tyuiu.ShabukovDV.Sprint6.Task3.V20.Test\Tyuiu.ShabukovDV.Sprint6.Task3.V20.Test.csproj", "{05F87F96-3BC8-4958-8278-43B46B18CFD3}"
EndProject
Project("{FAE04EC0-301F-11D3-BF4B-00C04F79EFBC}") = "Tyuiu.ShabukovDV.Sprint6.Task3.V20", "Tyuiu.ShabukovDV.Sprint6.Task3.V20\Tyuiu.ShabukovDV.Sprint6.Task3.V20.csproj", "{DD479673-292D-4D03-91A3-741EE6994EC8}"
EndProject
Global
	GlobalSection(SolutionConfigurationPlatforms) = preSolution
		Debug|Any CPU = Debug|Any CPU
		Release|Any CPU = Release|Any CPU
	EndGlobalSection
	GlobalSection(ProjectConfigurationPlatforms) = postSolution
		{9F8CC688-F2C0-4FA1-8607-1FF0D1A9EF4D}.Debug|Any CPU.ActiveCfg = Debug|Any CPU
		{9F8CC688-F2C0-4FA1-8607-1FF0D1A9EF4D}.Debug|Any CPU.Build.0 = Debug|Any CPU
		{9F8CC688-F2C0-4FA1-8607-1FF0D1A9EF4D}.Release|Any CPU.ActiveCfg = Release|Any CPU
		{9F8CC688-F2C0-4FA1-8607-1FF0D1A9EF4D}.Release|Any CPU.Build.0 = Release|Any CPU
		{166B807B-F8E7-4E8E-B06A-98280090A00F}.Debug|Any CPU.ActiveCfg = Debug|Any CPU
		{166B807B-F8E7-4E8E-B06A-98280090A00F}.Debug|Any CPU.Build.0 = Debug|Any CPU
		{166B807B-F8E7-4E8E-B06A-98280090A00F}.Release|Any CPU.ActiveCfg = Release|Any CPU
		{166B807B-F8E7-4E8E-B06A-98280090A00F}.Release|Any CPU.Build.0 = Release|Any CPU
		{C74E35F6-6825-458A-A118-305C05FD3A17}.Debug|Any CPU.ActiveCfg = Debug|Any CPU
		{C74E35F6-6825-458A-A118-305C05FD3A17}.Debug|Any CPU.Build.0 = Debug|Any CPU
		{C74E35F6-6825-458A-A118-305C05FD3A17}.Release|Any CPU.ActiveCfg = Release|Any CPU
		{C74E35F6-6825-458A-A118-305C05FD3A17}.Release|Any CPU.Build.0 = Release|Any CPU
		{3B7C1CFD-B1F4-460A-8191-7AB90F85F479}.Debug|Any CPU.ActiveCfg = Debug|Any CPU
		{3B7C1CFD-B1F4-460A-8191-7AB90F85F479}.Debug|Any CPU.Build.0 = Debug|Any CPU
		{3B7C1CFD-B1F4-460A-8191-7AB90F85F479}.Release|Any CPU.ActiveCfg = Release|Any CPU
		{3B7C1CFD-B1F4-460A-8191-7AB90F85F479}.Release|Any CPU.Build.0 = Release|Any CPU
		{33C2B90F-15CD-4687-95B1-B10D31627EC9}.Debug|Any CPU.ActiveCfg = Debug|Any CPU
		{33C2B90F-15CD-4687-95B1-B10D31627EC9}.Debug|Any CPU.Build.0 = Debug|Any CPU
		{33C2B90F-15CD-4687-95B1-B10D31627EC9}.Release|Any CPU.ActiveCfg = Release|Any CPU
		{33C2B90F-15CD-4687-95B1-B10D31627EC9}.Release|Any CPU.Build.0 = Release|Any CPU
		{8050035C-2D02-4FD6-9707-0B2BD7D08F58}.Debug|Any CPU.ActiveCfg = Debug|Any CPU
		{8050035C-2D02-4FD6-9707-0B2BD7D08F58}.Debug|Any CPU.Build.0 = Debug|Any CPU
		{8050035C-2D02-4FD6-9707-0B2BD7D08F58}.Release|Any CPU.ActiveCfg = Release|Any CPU
		{8050035C-2D02-4FD6-9707-0B2BD7D08F58}.Release|Any CPU.Build.0 = Release|Any CPU
		{717738F8-2859-4F55-8D6F-F19D6747A094}.Debug|Any CPU.ActiveCfg = Debug|Any CPU
		{717738F8-2859-4F55-8D6F-F19D6747A094}.Debug|Any CPU.Build.0 = Debug|Any CPU
		{717738F8-2859-4F55-8D6F-F19D6747A094}.Release|Any CPU.ActiveCfg = Release|Any CPU
		{717738F8-2859-4F55-8D6F-F19D6747A094}.Release|Any CPU.Build.0 = Release|Any CPU
		{7D7E0356-2C63-4C46-BD04-8A47898E8F5A}.Debug|Any CPU.ActiveCfg = Debug|Any CPU
		{7D7E0356-2C63-4C46-BD04-8A47898E8F5A}.Debug|Any CPU.Build.0 = Debug|Any CPU
		{7D7E0356-2C63-4C46-BD04-8A47898E8F5A}.Release|Any CPU.ActiveCfg = Release|Any CPU
		{7D7E0356-2C63-4C46-BD04-8A47898E8F5A}.Release|Any CPU.Build.0 = Release|Any CPU
		{257070E3-AF12-4AF7-8E66-8C1C3A15AFF7}.Debug|Any CPU.ActiveCfg = Debug|Any CPU
		{257070E3-AF12-4AF7-8E66-8C1C3A15AFF7}.Debug|Any CPU.Build.0 = Debug|Any CPU
		{257070E3-AF12-4AF7-8E66-8C1C3A15AFF7}.Release|Any CPU.ActiveCfg = Release|Any CPU
		{257070E3-AF12-4AF7-8E66-8C1C3A15AFF7}.Release|Any CPU.Build.0 = Release|Any CPU
		{1A0D6176-39DB-4722-BE2A-C9DEE53222C3}.Debug|Any CPU.ActiveCfg = Debug|Any CPU
		{1A0D6176-39DB-4722-BE2A-C9DEE53222C3}.Debug|Any CPU.Build.0 = Debug|Any CPU
		{1A0D6176-39DB-4722-BE2A-C9DEE53222C3}.Release|Any CPU.ActiveCfg = Release|Any CPU
		{1A0D6176-39DB-4722-BE2A-C9DEE53222C3}.Release|Any CPU.Build.0 = Release|Any CPU
		{05F87F96-3BC8-4958-8278-43B46B18CFD3}.Debug|Any CPU.ActiveCfg = Debug|Any CPU
		{05F87F96-3BC8-4958-8278-43B46B18CFD3}.Debug|Any CPU.Build.0 = Debug|Any CPU
		{05F87F96-3BC8-4958-8278-43B46B18CFD3}.Release|Any CPU.ActiveCfg = Release|Any CPU
		{05F87F96-3BC8-4958-8278-43B46B18CFD3}.Release|Any CPU.Build.0 = Release|Any CPU
		{DD479673-292D-4D03-91A3-741EE6994EC8}.Debug|Any CPU.ActiveCfg = Debug|Any CPU
		{DD479673-292D-4D03-91A3-741EE6994EC8}.Debug|Any CPU.Build.0 = Debug|Any CPU
		{DD479673-292D-4D03-91A3-741EE6994EC8}.Release|Any CPU.ActiveCfg = Release|Any CPU
		{DD479673-292D-4D03-91A3-741EE6994EC8}.Release|Any CPU.Build.0 = Release|Any CPU
	EndGlobalSection
	GlobalSection(SolutionProperties) = preSolution
		HideSolutionNode = FALSE
	EndGlobalSection
	GlobalSection(NestedProjects) = preSolution
		{9F8CC688-F2C0-4FA1-8607-1FF0D1A9EF4D} = {73DDD4A7-46F0-4E00-8174-01C9A8FCFA41}
		{166B807B-F8E7-4E8E-B06A-98280090A00F} = {73DDD4A7-46F0-4E00-8174-01C9A8FCFA41}
		{C74E35F6-6825-458A-A118-305C05FD3A17} = {73DDD4A7-46F0-4E00-8174-01C9A8FCFA41}
		{3B7C1CFD-B1F4-460A-8191-7AB90F85F479} = {F8916FB5-6D8D-4E75-833D-0B615C37F218}
		{33C2B90F-15CD-4687-95B1-B10D31627EC9} = {F8916FB5-6D8D-4E75-833D-0B615C37F218}
		{8050035C-2D02-4FD6-9707-0B2BD7D08F58} = {F8916FB5-6D8D-4E75-833D-0B615C37F218}
		{717738F8-2859-4F55-8D6F-F19D6747A094} = {E61E8500-6E1B-4AAD-8370-DA661150A1CF}
		{7D7E0356-2C63-4C46-BD04-8A47898E8F5A} = {E61E8500-6E1B-4AAD-8370-DA661150A1CF}
		{257070E3-AF12-4AF7-8E66-8C1C3A15AFF7} = {E61E8500-6E1B-4AAD-8370-DA661150A1CF}
		{1A0D6176-39DB-4722-BE2A-C9DEE53222C3} = {8589F068-CE4F-4C36-BC19-6283B8C5AEAA}
		{05F87F96-3BC8-4958-8278-43B46B18CFD3} = {8589F068-CE4F-4C36-BC19-6283B8C5AEAA}
		{DD479673-292D-4D03-91A3-741EE6994EC8} = {8589F068-CE4F-4C36-BC19-6283B8C5AEAA}
	EndGlobalSection
	GlobalSection(ExtensibilityGlobals) = postSolution
		SolutionGuid = {92D0C3C6-808A-4DC8-8AD6-A4FF51AE277C}
	EndGlobalSection
EndGlobal
